
Microsoft Visual Studio Solution File, Format Version 12.00
# Visual Studio Version 17
VisualStudioVersion = 17.12.35527.113
MinimumVisualStudioVersion = 10.0.40219.1
Project("{FAE04EC0-301F-11D3-BF4B-00C04F79EFBC}") = "Csharp_Masterclass_Course", "Csharp_Masterclass_Course\Csharp_Masterclass_Course.csproj", "{869D5628-0E66-4676-A050-57800C400A72}"
EndProject
Project("{FAE04EC0-301F-11D3-BF4B-00C04F79EFBC}") = "QuizApp", "QuizApp\QuizApp.csproj", "{8E44458F-B3FD-4EB7-AF90-4C1EE401D632}"
EndProject
Project("{FAE04EC0-301F-11D3-BF4B-00C04F79EFBC}") = "LoopsBasic", "LoopsBasic\LoopsBasic.csproj", "{FAAB5D69-3E3B-4BB7-A121-4379482ACB68}"
EndProject
Project("{FAE04EC0-301F-11D3-BF4B-00C04F79EFBC}") = "TextAdventureGame", "TextAdventureGame\TextAdventureGame.csproj", "{2540FBF4-F46A-4507-94DE-CF65EF68579E}"
EndProject
Project("{FAE04EC0-301F-11D3-BF4B-00C04F79EFBC}") = "AvregeScoreCalculator", "AvregeScoreCalculator\AvregeScoreCalculator.csproj", "{98464E52-75AD-4D4F-94EC-D75D68B9CA9E}"
EndProject
Project("{FAE04EC0-301F-11D3-BF4B-00C04F79EFBC}") = "Methods", "Methods\Methods.csproj", "{66B2EA98-D6D9-42D7-B4F9-BBB49329B783}"
EndProject
Project("{FAE04EC0-301F-11D3-BF4B-00C04F79EFBC}") = "OldStyle", "OldStyle\OldStyle.csproj", "{83340BAC-B5F5-4D97-BF11-FA2044CA286F}"
EndProject
Project("{FAE04EC0-301F-11D3-BF4B-00C04F79EFBC}") = "WeatherStationSimulator", "WeatherStationSimulator\WeatherStationSimulator.csproj", "{D908FEA1-AAB5-4BF6-B8C3-0A1B642491C6}"
EndProject
Project("{FAE04EC0-301F-11D3-BF4B-00C04F79EFBC}") = "CalculateAverageTempExcercise", "CalculateAverageTempExcercise\CalculateAverageTempExcercise.csproj", "{EC22F291-85D6-4AFF-9DC4-273A9CE5D7E8}"
EndProject
Project("{FAE04EC0-301F-11D3-BF4B-00C04F79EFBC}") = "CalassesApp", "CalassesApp\CalassesApp.csproj", "{60597B9B-BD0A-4A2C-B8BE-7DF4BD8E0364}"
EndProject
Project("{FAE04EC0-301F-11D3-BF4B-00C04F79EFBC}") = "MyQuizApp", "MyQuizApp\MyQuizApp.csproj", "{8F7979D4-334A-44C7-AC19-502189BF5163}"
EndProject
Project("{FAE04EC0-301F-11D3-BF4B-00C04F79EFBC}") = "OOP Section 5 Excercise", "OOP Section 5 Excercise\OOP Section 5 Excercise.csproj", "{71387A03-BEA9-4893-A8F5-7F3F3EF39F71}"
EndProject
Project("{FAE04EC0-301F-11D3-BF4B-00C04F79EFBC}") = "ListsApp", "ListsApp\ListsApp.csproj", "{B9C06B48-9562-47A0-AEF9-4509913196E9}"
EndProject
Project("{FAE04EC0-301F-11D3-BF4B-00C04F79EFBC}") = "Dictionaries", "Dictionaries\Dictionaries.csproj", "{DFBF1A9B-A28D-4260-8E42-256DA685660F}"
EndProject
Project("{FAE04EC0-301F-11D3-BF4B-00C04F79EFBC}") = "Advanced Dictionary Exercise Section 6", "Advanced Dictionary Exercise 16\Advanced Dictionary Exercise Section 6.csproj", "{EE1B5D23-AF87-4264-B68C-EA83472BB67E}"
EndProject
Global
	GlobalSection(SolutionConfigurationPlatforms) = preSolution
		Debug|Any CPU = Debug|Any CPU
		Release|Any CPU = Release|Any CPU
	EndGlobalSection
	GlobalSection(ProjectConfigurationPlatforms) = postSolution
		{869D5628-0E66-4676-A050-57800C400A72}.Debug|Any CPU.ActiveCfg = Debug|Any CPU
		{869D5628-0E66-4676-A050-57800C400A72}.Debug|Any CPU.Build.0 = Debug|Any CPU
		{869D5628-0E66-4676-A050-57800C400A72}.Release|Any CPU.ActiveCfg = Release|Any CPU
		{869D5628-0E66-4676-A050-57800C400A72}.Release|Any CPU.Build.0 = Release|Any CPU
		{8E44458F-B3FD-4EB7-AF90-4C1EE401D632}.Debug|Any CPU.ActiveCfg = Debug|Any CPU
		{8E44458F-B3FD-4EB7-AF90-4C1EE401D632}.Debug|Any CPU.Build.0 = Debug|Any CPU
		{8E44458F-B3FD-4EB7-AF90-4C1EE401D632}.Release|Any CPU.ActiveCfg = Release|Any CPU
		{8E44458F-B3FD-4EB7-AF90-4C1EE401D632}.Release|Any CPU.Build.0 = Release|Any CPU
		{FAAB5D69-3E3B-4BB7-A121-4379482ACB68}.Debug|Any CPU.ActiveCfg = Debug|Any CPU
		{FAAB5D69-3E3B-4BB7-A121-4379482ACB68}.Debug|Any CPU.Build.0 = Debug|Any CPU
		{FAAB5D69-3E3B-4BB7-A121-4379482ACB68}.Release|Any CPU.ActiveCfg = Release|Any CPU
		{FAAB5D69-3E3B-4BB7-A121-4379482ACB68}.Release|Any CPU.Build.0 = Release|Any CPU
		{2540FBF4-F46A-4507-94DE-CF65EF68579E}.Debug|Any CPU.ActiveCfg = Debug|Any CPU
		{2540FBF4-F46A-4507-94DE-CF65EF68579E}.Debug|Any CPU.Build.0 = Debug|Any CPU
		{2540FBF4-F46A-4507-94DE-CF65EF68579E}.Release|Any CPU.ActiveCfg = Release|Any CPU
		{2540FBF4-F46A-4507-94DE-CF65EF68579E}.Release|Any CPU.Build.0 = Release|Any CPU
		{98464E52-75AD-4D4F-94EC-D75D68B9CA9E}.Debug|Any CPU.ActiveCfg = Debug|Any CPU
		{98464E52-75AD-4D4F-94EC-D75D68B9CA9E}.Debug|Any CPU.Build.0 = Debug|Any CPU
		{98464E52-75AD-4D4F-94EC-D75D68B9CA9E}.Release|Any CPU.ActiveCfg = Release|Any CPU
		{98464E52-75AD-4D4F-94EC-D75D68B9CA9E}.Release|Any CPU.Build.0 = Release|Any CPU
		{66B2EA98-D6D9-42D7-B4F9-BBB49329B783}.Debug|Any CPU.ActiveCfg = Debug|Any CPU
		{66B2EA98-D6D9-42D7-B4F9-BBB49329B783}.Debug|Any CPU.Build.0 = Debug|Any CPU
		{66B2EA98-D6D9-42D7-B4F9-BBB49329B783}.Release|Any CPU.ActiveCfg = Release|Any CPU
		{66B2EA98-D6D9-42D7-B4F9-BBB49329B783}.Release|Any CPU.Build.0 = Release|Any CPU
		{83340BAC-B5F5-4D97-BF11-FA2044CA286F}.Debug|Any CPU.ActiveCfg = Debug|Any CPU
		{83340BAC-B5F5-4D97-BF11-FA2044CA286F}.Debug|Any CPU.Build.0 = Debug|Any CPU
		{83340BAC-B5F5-4D97-BF11-FA2044CA286F}.Release|Any CPU.ActiveCfg = Release|Any CPU
		{83340BAC-B5F5-4D97-BF11-FA2044CA286F}.Release|Any CPU.Build.0 = Release|Any CPU
		{D908FEA1-AAB5-4BF6-B8C3-0A1B642491C6}.Debug|Any CPU.ActiveCfg = Debug|Any CPU
		{D908FEA1-AAB5-4BF6-B8C3-0A1B642491C6}.Debug|Any CPU.Build.0 = Debug|Any CPU
		{D908FEA1-AAB5-4BF6-B8C3-0A1B642491C6}.Release|Any CPU.ActiveCfg = Release|Any CPU
		{D908FEA1-AAB5-4BF6-B8C3-0A1B642491C6}.Release|Any CPU.Build.0 = Release|Any CPU
		{EC22F291-85D6-4AFF-9DC4-273A9CE5D7E8}.Debug|Any CPU.ActiveCfg = Debug|Any CPU
		{EC22F291-85D6-4AFF-9DC4-273A9CE5D7E8}.Debug|Any CPU.Build.0 = Debug|Any CPU
		{EC22F291-85D6-4AFF-9DC4-273A9CE5D7E8}.Release|Any CPU.ActiveCfg = Release|Any CPU
		{EC22F291-85D6-4AFF-9DC4-273A9CE5D7E8}.Release|Any CPU.Build.0 = Release|Any CPU
		{60597B9B-BD0A-4A2C-B8BE-7DF4BD8E0364}.Debug|Any CPU.ActiveCfg = Debug|Any CPU
		{60597B9B-BD0A-4A2C-B8BE-7DF4BD8E0364}.Debug|Any CPU.Build.0 = Debug|Any CPU
		{60597B9B-BD0A-4A2C-B8BE-7DF4BD8E0364}.Release|Any CPU.ActiveCfg = Release|Any CPU
		{60597B9B-BD0A-4A2C-B8BE-7DF4BD8E0364}.Release|Any CPU.Build.0 = Release|Any CPU
		{8F7979D4-334A-44C7-AC19-502189BF5163}.Debug|Any CPU.ActiveCfg = Debug|Any CPU
		{8F7979D4-334A-44C7-AC19-502189BF5163}.Debug|Any CPU.Build.0 = Debug|Any CPU
		{8F7979D4-334A-44C7-AC19-502189BF5163}.Release|Any CPU.ActiveCfg = Release|Any CPU
		{8F7979D4-334A-44C7-AC19-502189BF5163}.Release|Any CPU.Build.0 = Release|Any CPU
		{71387A03-BEA9-4893-A8F5-7F3F3EF39F71}.Debug|Any CPU.ActiveCfg = Debug|Any CPU
		{71387A03-BEA9-4893-A8F5-7F3F3EF39F71}.Debug|Any CPU.Build.0 = Debug|Any CPU
		{71387A03-BEA9-4893-A8F5-7F3F3EF39F71}.Release|Any CPU.ActiveCfg = Release|Any CPU
		{71387A03-BEA9-4893-A8F5-7F3F3EF39F71}.Release|Any CPU.Build.0 = Release|Any CPU
		{B9C06B48-9562-47A0-AEF9-4509913196E9}.Debug|Any CPU.ActiveCfg = Debug|Any CPU
		{B9C06B48-9562-47A0-AEF9-4509913196E9}.Debug|Any CPU.Build.0 = Debug|Any CPU
		{B9C06B48-9562-47A0-AEF9-4509913196E9}.Release|Any CPU.ActiveCfg = Release|Any CPU
		{B9C06B48-9562-47A0-AEF9-4509913196E9}.Release|Any CPU.Build.0 = Release|Any CPU
		{DFBF1A9B-A28D-4260-8E42-256DA685660F}.Debug|Any CPU.ActiveCfg = Debug|Any CPU
		{DFBF1A9B-A28D-4260-8E42-256DA685660F}.Debug|Any CPU.Build.0 = Debug|Any CPU
		{DFBF1A9B-A28D-4260-8E42-256DA685660F}.Release|Any CPU.ActiveCfg = Release|Any CPU
		{DFBF1A9B-A28D-4260-8E42-256DA685660F}.Release|Any CPU.Build.0 = Release|Any CPU
		{EE1B5D23-AF87-4264-B68C-EA83472BB67E}.Debug|Any CPU.ActiveCfg = Debug|Any CPU
		{EE1B5D23-AF87-4264-B68C-EA83472BB67E}.Debug|Any CPU.Build.0 = Debug|Any CPU
		{EE1B5D23-AF87-4264-B68C-EA83472BB67E}.Release|Any CPU.ActiveCfg = Release|Any CPU
		{EE1B5D23-AF87-4264-B68C-EA83472BB67E}.Release|Any CPU.Build.0 = Release|Any CPU
	EndGlobalSection
	GlobalSection(SolutionProperties) = preSolution
		HideSolutionNode = FALSE
	EndGlobalSection
	GlobalSection(ExtensibilityGlobals) = postSolution
		SolutionGuid = {B85974E1-F8B4-4A06-A727-30C7CAE4977B}
	EndGlobalSection
EndGlobal
