
Microsoft Visual Studio Solution File, Format Version 12.00
# Visual Studio Version 18
VisualStudioVersion = 18.6.11819.183
MinimumVisualStudioVersion = 10.0.40219.1
Project("{FAE04EC0-301F-11D3-BF4B-00C04F79EFBC}") = "Csharp_Masterclass_Course", "Csharp_Masterclass_Course\Csharp_Masterclass_Course.csproj", "{869D5628-0E66-4676-A050-57800C400A72}"
EndProject
Project("{FAE04EC0-301F-11D3-BF4B-00C04F79EFBC}") = "QuizApp", "QuizApp\QuizApp.csproj", "{8E44458F-B3FD-4EB7-AF90-4C1EE401D632}"
EndProject
Project("{FAE04EC0-301F-11D3-BF4B-00C04F79EFBC}") = "LoopsBasic", "LoopsBasic\LoopsBasic.csproj", "{FAAB5D69-3E3B-4BB7-A121-4379482ACB68}"
EndProject
Project("{FAE04EC0-301F-11D3-BF4B-00C04F79EFBC}") = "TextAdventureGame", "TextAdventureGame\TextAdventureGame.csproj", "{2540FBF4-F46A-4507-94DE-CF65EF68579E}"
EndProject
Project("{FAE04EC0-301F-11D3-BF4B-00C04F79EFBC}") = "AvregeScoreCalculator", "AvregeScoreCalculator\AvregeScoreCalculator.csproj", "{98464E52-75AD-4D4F-94EC-D75D68B9CA9E}"
EndProject
Project("{FAE04EC0-301F-11D3-BF4B-00C04F79EFBC}") = "Methods", "Methods\Methods.csproj", "{66B2EA98-D6D9-42D7-B4F9-BBB49329B783}"
EndProject
Project("{FAE04EC0-301F-11D3-BF4B-00C04F79EFBC}") = "OldStyle", "OldStyle\OldStyle.csproj", "{83340BAC-B5F5-4D97-BF11-FA2044CA286F}"
EndProject
Project("{FAE04EC0-301F-11D3-BF4B-00C04F79EFBC}") = "WeatherStationSimulator", "WeatherStationSimulator\WeatherStationSimulator.csproj", "{D908FEA1-AAB5-4BF6-B8C3-0A1B642491C6}"
EndProject
Project("{FAE04EC0-301F-11D3-BF4B-00C04F79EFBC}") = "CalculateAverageTempExcercise", "CalculateAverageTempExcercise\CalculateAverageTempExcercise.csproj", "{EC22F291-85D6-4AFF-9DC4-273A9CE5D7E8}"
EndProject
Project("{FAE04EC0-301F-11D3-BF4B-00C04F79EFBC}") = "CalassesApp", "CalassesApp\CalassesApp.csproj", "{60597B9B-BD0A-4A2C-B8BE-7DF4BD8E0364}"
EndProject
Project("{FAE04EC0-301F-11D3-BF4B-00C04F79EFBC}") = "MyQuizApp", "MyQuizApp\MyQuizApp.csproj", "{8F7979D4-334A-44C7-AC19-502189BF5163}"
EndProject
Project("{FAE04EC0-301F-11D3-BF4B-00C04F79EFBC}") = "OOP Section 5 Excercise", "OOP Section 5 Excercise\OOP Section 5 Excercise.csproj", "{71387A03-BEA9-4893-A8F5-7F3F3EF39F71}"
EndProject
Project("{FAE04EC0-301F-11D3-BF4B-00C04F79EFBC}") = "ListsApp", "ListsApp\ListsApp.csproj", "{B9C06B48-9562-47A0-AEF9-4509913196E9}"
EndProject
Project("{FAE04EC0-301F-11D3-BF4B-00C04F79EFBC}") = "Dictionaries", "Dictionaries\Dictionaries.csproj", "{DFBF1A9B-A28D-4260-8E42-256DA685660F}"
EndProject
Project("{FAE04EC0-301F-11D3-BF4B-00C04F79EFBC}") = "Advanced Dictionary Exercise Section 6", "Advanced Dictionary Exercise 16\Advanced Dictionary Exercise Section 6.csproj", "{EE1B5D23-AF87-4264-B68C-EA83472BB67E}"
EndProject
Project("{FAE04EC0-301F-11D3-BF4B-00C04F79EFBC}") = "TryCatchExceptions", "TryCatchExceptions\TryCatchExceptions.csproj", "{DC7CF11E-0DC4-42B9-8988-8D591E4CEC2D}"
EndProject
Project("{FAE04EC0-301F-11D3-BF4B-00C04F79EFBC}") = "InheritanceApp", "InheritanceApp\InheritanceApp.csproj", "{9574EEE1-383D-4D32-B908-1308B2D83543}"
EndProject
Project("{FAE04EC0-301F-11D3-BF4B-00C04F79EFBC}") = "Advanced Method Overriding Exercise Section 8", "Advanced Method Overriding Exercise Section 8\Advanced Method Overriding Exercise Section 8.csproj", "{CC408D27-1497-4439-8868-B39D46721500}"
EndProject
Project("{FAE04EC0-301F-11D3-BF4B-00C04F79EFBC}") = "DependencyInjectionApp", "DependencyInjectionApp\DependencyInjectionApp.csproj", "{527AFB67-4490-4B8B-9CB3-19115409E016}"
EndProject
Project("{FAE04EC0-301F-11D3-BF4B-00C04F79EFBC}") = "Polymorphism with Interfaces Exercise Section 9", "Polymorphism with Interfaces Exercise Section 9\Polymorphism with Interfaces Exercise Section 9.csproj", "{BFC27963-1F0F-420D-94CC-F12EE2EE812B}"
EndProject
Project("{FAE04EC0-301F-11D3-BF4B-00C04F79EFBC}") = "StructsApp", "StructsApp\StructsApp.csproj", "{530831FF-262C-44CC-B9B1-9D2E3B782E7F}"
EndProject
Project("{FAE04EC0-301F-11D3-BF4B-00C04F79EFBC}") = "StructsApp1", "StructsApp1\StructsApp1.csproj", "{24089B1E-6A2D-466F-9224-1D271B168350}"
EndProject
Project("{FAE04EC0-301F-11D3-BF4B-00C04F79EFBC}") = "EnumsC", "EnumsC\EnumsC.csproj", "{188F1525-A819-418E-A00F-5BF9009D1595}"
EndProject
Project("{FAE04EC0-301F-11D3-BF4B-00C04F79EFBC}") = "DateTimeT", "DateTimeT\DateTimeT.csproj", "{6E82C21E-2456-4129-9A83-92BB111134AC}"
EndProject
Project("{FAE04EC0-301F-11D3-BF4B-00C04F79EFBC}") = "Structs Exercise Section 10", "Structs Exercise Section 10\Structs Exercise Section 10.csproj", "{2E464D6E-B6E2-41FC-8385-909A0CF5AB97}"
EndProject
Project("{FAE04EC0-301F-11D3-BF4B-00C04F79EFBC}") = "DelegatesAndEvents", "DelegatesAndEvents\DelegatesAndEvents.csproj", "{7E212C3D-2475-466C-9C6E-E09A844925DE}"
EndProject
Project("{FAE04EC0-301F-11D3-BF4B-00C04F79EFBC}") = "EventsApp", "EventsApp\EventsApp.csproj", "{AFB0FE18-3826-4BAE-8B16-AD8C728B98DC}"
EndProject
Project("{FAE04EC0-301F-11D3-BF4B-00C04F79EFBC}") = "Stock Price Alert System With Dynamic Thresholds Exercise Section 11", "Stock Price Alert System With Dynamic Thresholds Exercise Section 11\Stock Price Alert System With Dynamic Thresholds Exercise Section 11.csproj", "{18CC4E58-CBFA-4562-B2E3-CE481368BC79}"
EndProject
Project("{FAE04EC0-301F-11D3-BF4B-00C04F79EFBC}") = "Stock_Price_Alert_System_Exercise_Section_11", "Stock_Price_Alert_System_Exercise_Section_11\Stock_Price_Alert_System_Exercise_Section_11.csproj", "{6B25025C-D4F7-4F4B-8755-91188EF35649}"
EndProject
Project("{FAE04EC0-301F-11D3-BF4B-00C04F79EFBC}") = "RegexE", "RegexE\RegexE.csproj", "{9DE8CC57-DDE2-4A62-B4C7-CC2C71A3F599}"
EndProject
Project("{FAE04EC0-301F-11D3-BF4B-00C04F79EFBC}") = "Extract Email with Regex Exercise Section 12", "Extract Email with Regex Exercise Section 12\Extract Email with Regex Exercise Section 12.csproj", "{F8600547-13F3-46CC-9476-CCCF7174C8EB}"
EndProject
Project("{FAE04EC0-301F-11D3-BF4B-00C04F79EFBC}") = "MyFirstWPFApp", "MyFirstWPFApp\MyFirstWPFApp.csproj", "{6D4FA3D4-F9D5-4377-B2B0-C6AAAB85931B}"
EndProject
Project("{FAE04EC0-301F-11D3-BF4B-00C04F79EFBC}") = "TodoApp", "TodoApp\TodoApp.csproj", "{07B2E5BE-1A01-4985-8CA6-D2E72C1A061F}"
EndProject
Project("{FAE04EC0-301F-11D3-BF4B-00C04F79EFBC}") = "Login", "Login\Login.csproj", "{EE8B2FCE-F96E-4330-A029-9293D360A638}"
EndProject
Project("{FAE04EC0-301F-11D3-BF4B-00C04F79EFBC}") = "DataBinding", "DataBinding\DataBinding.csproj", "{DCE13C04-D095-4DFC-9FB9-3C4424DADF3F}"
EndProject
Project("{FAE04EC0-301F-11D3-BF4B-00C04F79EFBC}") = "CurrencyConverter_Static", "CurrencyConverter_Static\CurrencyConverter_Static.csproj", "{9722B4AF-8EF1-4789-9276-8D5AD97F29CF}"
EndProject
Project("{FAE04EC0-301F-11D3-BF4B-00C04F79EFBC}") = "WPF ZooManager", "WPF ZooManager\WPF ZooManager.csproj", "{D9727B7A-2126-4319-80C4-3BE00D0BB2FF}"
EndProject
Global
	GlobalSection(SolutionConfigurationPlatforms) = preSolution
		Debug|Any CPU = Debug|Any CPU
		Release|Any CPU = Release|Any CPU
	EndGlobalSection
	GlobalSection(ProjectConfigurationPlatforms) = postSolution
		{869D5628-0E66-4676-A050-57800C400A72}.Debug|Any CPU.ActiveCfg = Debug|Any CPU
		{869D5628-0E66-4676-A050-57800C400A72}.Debug|Any CPU.Build.0 = Debug|Any CPU
		{869D5628-0E66-4676-A050-57800C400A72}.Release|Any CPU.ActiveCfg = Release|Any CPU
		{869D5628-0E66-4676-A050-57800C400A72}.Release|Any CPU.Build.0 = Release|Any CPU
		{8E44458F-B3FD-4EB7-AF90-4C1EE401D632}.Debug|Any CPU.ActiveCfg = Debug|Any CPU
		{8E44458F-B3FD-4EB7-AF90-4C1EE401D632}.Debug|Any CPU.Build.0 = Debug|Any CPU
		{8E44458F-B3FD-4EB7-AF90-4C1EE401D632}.Release|Any CPU.ActiveCfg = Release|Any CPU
		{8E44458F-B3FD-4EB7-AF90-4C1EE401D632}.Release|Any CPU.Build.0 = Release|Any CPU
		{FAAB5D69-3E3B-4BB7-A121-4379482ACB68}.Debug|Any CPU.ActiveCfg = Debug|Any CPU
		{FAAB5D69-3E3B-4BB7-A121-4379482ACB68}.Debug|Any CPU.Build.0 = Debug|Any CPU
		{FAAB5D69-3E3B-4BB7-A121-4379482ACB68}.Release|Any CPU.ActiveCfg = Release|Any CPU
		{FAAB5D69-3E3B-4BB7-A121-4379482ACB68}.Release|Any CPU.Build.0 = Release|Any CPU
		{2540FBF4-F46A-4507-94DE-CF65EF68579E}.Debug|Any CPU.ActiveCfg = Debug|Any CPU
		{2540FBF4-F46A-4507-94DE-CF65EF68579E}.Debug|Any CPU.Build.0 = Debug|Any CPU
		{2540FBF4-F46A-4507-94DE-CF65EF68579E}.Release|Any CPU.ActiveCfg = Release|Any CPU
		{2540FBF4-F46A-4507-94DE-CF65EF68579E}.Release|Any CPU.Build.0 = Release|Any CPU
		{98464E52-75AD-4D4F-94EC-D75D68B9CA9E}.Debug|Any CPU.ActiveCfg = Debug|Any CPU
		{98464E52-75AD-4D4F-94EC-D75D68B9CA9E}.Debug|Any CPU.Build.0 = Debug|Any CPU
		{98464E52-75AD-4D4F-94EC-D75D68B9CA9E}.Release|Any CPU.ActiveCfg = Release|Any CPU
		{98464E52-75AD-4D4F-94EC-D75D68B9CA9E}.Release|Any CPU.Build.0 = Release|Any CPU
		{66B2EA98-D6D9-42D7-B4F9-BBB49329B783}.Debug|Any CPU.ActiveCfg = Debug|Any CPU
		{66B2EA98-D6D9-42D7-B4F9-BBB49329B783}.Debug|Any CPU.Build.0 = Debug|Any CPU
		{66B2EA98-D6D9-42D7-B4F9-BBB49329B783}.Release|Any CPU.ActiveCfg = Release|Any CPU
		{66B2EA98-D6D9-42D7-B4F9-BBB49329B783}.Release|Any CPU.Build.0 = Release|Any CPU
		{83340BAC-B5F5-4D97-BF11-FA2044CA286F}.Debug|Any CPU.ActiveCfg = Debug|Any CPU
		{83340BAC-B5F5-4D97-BF11-FA2044CA286F}.Debug|Any CPU.Build.0 = Debug|Any CPU
		{83340BAC-B5F5-4D97-BF11-FA2044CA286F}.Release|Any CPU.ActiveCfg = Release|Any CPU
		{83340BAC-B5F5-4D97-BF11-FA2044CA286F}.Release|Any CPU.Build.0 = Release|Any CPU
		{D908FEA1-AAB5-4BF6-B8C3-0A1B642491C6}.Debug|Any CPU.ActiveCfg = Debug|Any CPU
		{D908FEA1-AAB5-4BF6-B8C3-0A1B642491C6}.Debug|Any CPU.Build.0 = Debug|Any CPU
		{D908FEA1-AAB5-4BF6-B8C3-0A1B642491C6}.Release|Any CPU.ActiveCfg = Release|Any CPU
		{D908FEA1-AAB5-4BF6-B8C3-0A1B642491C6}.Release|Any CPU.Build.0 = Release|Any CPU
		{EC22F291-85D6-4AFF-9DC4-273A9CE5D7E8}.Debug|Any CPU.ActiveCfg = Debug|Any CPU
		{EC22F291-85D6-4AFF-9DC4-273A9CE5D7E8}.Debug|Any CPU.Build.0 = Debug|Any CPU
		{EC22F291-85D6-4AFF-9DC4-273A9CE5D7E8}.Release|Any CPU.ActiveCfg = Release|Any CPU
		{EC22F291-85D6-4AFF-9DC4-273A9CE5D7E8}.Release|Any CPU.Build.0 = Release|Any CPU
		{60597B9B-BD0A-4A2C-B8BE-7DF4BD8E0364}.Debug|Any CPU.ActiveCfg = Debug|Any CPU
		{60597B9B-BD0A-4A2C-B8BE-7DF4BD8E0364}.Debug|Any CPU.Build.0 = Debug|Any CPU
		{60597B9B-BD0A-4A2C-B8BE-7DF4BD8E0364}.Release|Any CPU.ActiveCfg = Release|Any CPU
		{60597B9B-BD0A-4A2C-B8BE-7DF4BD8E0364}.Release|Any CPU.Build.0 = Release|Any CPU
		{8F7979D4-334A-44C7-AC19-502189BF5163}.Debug|Any CPU.ActiveCfg = Debug|Any CPU
		{8F7979D4-334A-44C7-AC19-502189BF5163}.Debug|Any CPU.Build.0 = Debug|Any CPU
		{8F7979D4-334A-44C7-AC19-502189BF5163}.Release|Any CPU.ActiveCfg = Release|Any CPU
		{8F7979D4-334A-44C7-AC19-502189BF5163}.Release|Any CPU.Build.0 = Release|Any CPU
		{71387A03-BEA9-4893-A8F5-7F3F3EF39F71}.Debug|Any CPU.ActiveCfg = Debug|Any CPU
		{71387A03-BEA9-4893-A8F5-7F3F3EF39F71}.Debug|Any CPU.Build.0 = Debug|Any CPU
		{71387A03-BEA9-4893-A8F5-7F3F3EF39F71}.Release|Any CPU.ActiveCfg = Release|Any CPU
		{71387A03-BEA9-4893-A8F5-7F3F3EF39F71}.Release|Any CPU.Build.0 = Release|Any CPU
		{B9C06B48-9562-47A0-AEF9-4509913196E9}.Debug|Any CPU.ActiveCfg = Debug|Any CPU
		{B9C06B48-9562-47A0-AEF9-4509913196E9}.Debug|Any CPU.Build.0 = Debug|Any CPU
		{B9C06B48-9562-47A0-AEF9-4509913196E9}.Release|Any CPU.ActiveCfg = Release|Any CPU
		{B9C06B48-9562-47A0-AEF9-4509913196E9}.Release|Any CPU.Build.0 = Release|Any CPU
		{DFBF1A9B-A28D-4260-8E42-256DA685660F}.Debug|Any CPU.ActiveCfg = Debug|Any CPU
		{DFBF1A9B-A28D-4260-8E42-256DA685660F}.Debug|Any CPU.Build.0 = Debug|Any CPU
		{DFBF1A9B-A28D-4260-8E42-256DA685660F}.Release|Any CPU.ActiveCfg = Release|Any CPU
		{DFBF1A9B-A28D-4260-8E42-256DA685660F}.Release|Any CPU.Build.0 = Release|Any CPU
		{EE1B5D23-AF87-4264-B68C-EA83472BB67E}.Debug|Any CPU.ActiveCfg = Debug|Any CPU
		{EE1B5D23-AF87-4264-B68C-EA83472BB67E}.Debug|Any CPU.Build.0 = Debug|Any CPU
		{EE1B5D23-AF87-4264-B68C-EA83472BB67E}.Release|Any CPU.ActiveCfg = Release|Any CPU
		{EE1B5D23-AF87-4264-B68C-EA83472BB67E}.Release|Any CPU.Build.0 = Release|Any CPU
		{DC7CF11E-0DC4-42B9-8988-8D591E4CEC2D}.Debug|Any CPU.ActiveCfg = Debug|Any CPU
		{DC7CF11E-0DC4-42B9-8988-8D591E4CEC2D}.Debug|Any CPU.Build.0 = Debug|Any CPU
		{DC7CF11E-0DC4-42B9-8988-8D591E4CEC2D}.Release|Any CPU.ActiveCfg = Release|Any CPU
		{DC7CF11E-0DC4-42B9-8988-8D591E4CEC2D}.Release|Any CPU.Build.0 = Release|Any CPU
		{9574EEE1-383D-4D32-B908-1308B2D83543}.Debug|Any CPU.ActiveCfg = Debug|Any CPU
		{9574EEE1-383D-4D32-B908-1308B2D83543}.Debug|Any CPU.Build.0 = Debug|Any CPU
		{9574EEE1-383D-4D32-B908-1308B2D83543}.Release|Any CPU.ActiveCfg = Release|Any CPU
		{9574EEE1-383D-4D32-B908-1308B2D83543}.Release|Any CPU.Build.0 = Release|Any CPU
		{CC408D27-1497-4439-8868-B39D46721500}.Debug|Any CPU.ActiveCfg = Debug|Any CPU
		{CC408D27-1497-4439-8868-B39D46721500}.Debug|Any CPU.Build.0 = Debug|Any CPU
		{CC408D27-1497-4439-8868-B39D46721500}.Release|Any CPU.ActiveCfg = Release|Any CPU
		{CC408D27-1497-4439-8868-B39D46721500}.Release|Any CPU.Build.0 = Release|Any CPU
		{527AFB67-4490-4B8B-9CB3-19115409E016}.Debug|Any CPU.ActiveCfg = Debug|Any CPU
		{527AFB67-4490-4B8B-9CB3-19115409E016}.Debug|Any CPU.Build.0 = Debug|Any CPU
		{527AFB67-4490-4B8B-9CB3-19115409E016}.Release|Any CPU.ActiveCfg = Release|Any CPU
		{527AFB67-4490-4B8B-9CB3-19115409E016}.Release|Any CPU.Build.0 = Release|Any CPU
		{BFC27963-1F0F-420D-94CC-F12EE2EE812B}.Debug|Any CPU.ActiveCfg = Debug|Any CPU
		{BFC27963-1F0F-420D-94CC-F12EE2EE812B}.Debug|Any CPU.Build.0 = Debug|Any CPU
		{BFC27963-1F0F-420D-94CC-F12EE2EE812B}.Release|Any CPU.ActiveCfg = Release|Any CPU
		{BFC27963-1F0F-420D-94CC-F12EE2EE812B}.Release|Any CPU.Build.0 = Release|Any CPU
		{530831FF-262C-44CC-B9B1-9D2E3B782E7F}.Debug|Any CPU.ActiveCfg = Debug|Any CPU
		{530831FF-262C-44CC-B9B1-9D2E3B782E7F}.Debug|Any CPU.Build.0 = Debug|Any CPU
		{530831FF-262C-44CC-B9B1-9D2E3B782E7F}.Release|Any CPU.ActiveCfg = Release|Any CPU
		{530831FF-262C-44CC-B9B1-9D2E3B782E7F}.Release|Any CPU.Build.0 = Release|Any CPU
		{24089B1E-6A2D-466F-9224-1D271B168350}.Debug|Any CPU.ActiveCfg = Debug|Any CPU
		{24089B1E-6A2D-466F-9224-1D271B168350}.Debug|Any CPU.Build.0 = Debug|Any CPU
		{24089B1E-6A2D-466F-9224-1D271B168350}.Release|Any CPU.ActiveCfg = Release|Any CPU
		{24089B1E-6A2D-466F-9224-1D271B168350}.Release|Any CPU.Build.0 = Release|Any CPU
		{188F1525-A819-418E-A00F-5BF9009D1595}.Debug|Any CPU.ActiveCfg = Debug|Any CPU
		{188F1525-A819-418E-A00F-5BF9009D1595}.Debug|Any CPU.Build.0 = Debug|Any CPU
		{188F1525-A819-418E-A00F-5BF9009D1595}.Release|Any CPU.ActiveCfg = Release|Any CPU
		{188F1525-A819-418E-A00F-5BF9009D1595}.Release|Any CPU.Build.0 = Release|Any CPU
		{6E82C21E-2456-4129-9A83-92BB111134AC}.Debug|Any CPU.ActiveCfg = Debug|Any CPU
		{6E82C21E-2456-4129-9A83-92BB111134AC}.Debug|Any CPU.Build.0 = Debug|Any CPU
		{6E82C21E-2456-4129-9A83-92BB111134AC}.Release|Any CPU.ActiveCfg = Release|Any CPU
		{6E82C21E-2456-4129-9A83-92BB111134AC}.Release|Any CPU.Build.0 = Release|Any CPU
		{2E464D6E-B6E2-41FC-8385-909A0CF5AB97}.Debug|Any CPU.ActiveCfg = Debug|Any CPU
		{2E464D6E-B6E2-41FC-8385-909A0CF5AB97}.Debug|Any CPU.Build.0 = Debug|Any CPU
		{2E464D6E-B6E2-41FC-8385-909A0CF5AB97}.Release|Any CPU.ActiveCfg = Release|Any CPU
		{2E464D6E-B6E2-41FC-8385-909A0CF5AB97}.Release|Any CPU.Build.0 = Release|Any CPU
		{7E212C3D-2475-466C-9C6E-E09A844925DE}.Debug|Any CPU.ActiveCfg = Debug|Any CPU
		{7E212C3D-2475-466C-9C6E-E09A844925DE}.Debug|Any CPU.Build.0 = Debug|Any CPU
		{7E212C3D-2475-466C-9C6E-E09A844925DE}.Release|Any CPU.ActiveCfg = Release|Any CPU
		{7E212C3D-2475-466C-9C6E-E09A844925DE}.Release|Any CPU.Build.0 = Release|Any CPU
		{AFB0FE18-3826-4BAE-8B16-AD8C728B98DC}.Debug|Any CPU.ActiveCfg = Debug|Any CPU
		{AFB0FE18-3826-4BAE-8B16-AD8C728B98DC}.Debug|Any CPU.Build.0 = Debug|Any CPU
		{AFB0FE18-3826-4BAE-8B16-AD8C728B98DC}.Release|Any CPU.ActiveCfg = Release|Any CPU
		{AFB0FE18-3826-4BAE-8B16-AD8C728B98DC}.Release|Any CPU.Build.0 = Release|Any CPU
		{18CC4E58-CBFA-4562-B2E3-CE481368BC79}.Debug|Any CPU.ActiveCfg = Debug|Any CPU
		{18CC4E58-CBFA-4562-B2E3-CE481368BC79}.Debug|Any CPU.Build.0 = Debug|Any CPU
		{18CC4E58-CBFA-4562-B2E3-CE481368BC79}.Release|Any CPU.ActiveCfg = Release|Any CPU
		{18CC4E58-CBFA-4562-B2E3-CE481368BC79}.Release|Any CPU.Build.0 = Release|Any CPU
		{6B25025C-D4F7-4F4B-8755-91188EF35649}.Debug|Any CPU.ActiveCfg = Debug|Any CPU
		{6B25025C-D4F7-4F4B-8755-91188EF35649}.Debug|Any CPU.Build.0 = Debug|Any CPU
		{6B25025C-D4F7-4F4B-8755-91188EF35649}.Release|Any CPU.ActiveCfg = Release|Any CPU
		{6B25025C-D4F7-4F4B-8755-91188EF35649}.Release|Any CPU.Build.0 = Release|Any CPU
		{9DE8CC57-DDE2-4A62-B4C7-CC2C71A3F599}.Debug|Any CPU.ActiveCfg = Debug|Any CPU
		{9DE8CC57-DDE2-4A62-B4C7-CC2C71A3F599}.Debug|Any CPU.Build.0 = Debug|Any CPU
		{9DE8CC57-DDE2-4A62-B4C7-CC2C71A3F599}.Release|Any CPU.ActiveCfg = Release|Any CPU
		{9DE8CC57-DDE2-4A62-B4C7-CC2C71A3F599}.Release|Any CPU.Build.0 = Release|Any CPU
		{F8600547-13F3-46CC-9476-CCCF7174C8EB}.Debug|Any CPU.ActiveCfg = Debug|Any CPU
		{F8600547-13F3-46CC-9476-CCCF7174C8EB}.Debug|Any CPU.Build.0 = Debug|Any CPU
		{F8600547-13F3-46CC-9476-CCCF7174C8EB}.Release|Any CPU.ActiveCfg = Release|Any CPU
		{F8600547-13F3-46CC-9476-CCCF7174C8EB}.Release|Any CPU.Build.0 = Release|Any CPU
		{6D4FA3D4-F9D5-4377-B2B0-C6AAAB85931B}.Debug|Any CPU.ActiveCfg = Debug|Any CPU
		{6D4FA3D4-F9D5-4377-B2B0-C6AAAB85931B}.Debug|Any CPU.Build.0 = Debug|Any CPU
		{6D4FA3D4-F9D5-4377-B2B0-C6AAAB85931B}.Release|Any CPU.ActiveCfg = Release|Any CPU
		{6D4FA3D4-F9D5-4377-B2B0-C6AAAB85931B}.Release|Any CPU.Build.0 = Release|Any CPU
		{07B2E5BE-1A01-4985-8CA6-D2E72C1A061F}.Debug|Any CPU.ActiveCfg = Debug|Any CPU
		{07B2E5BE-1A01-4985-8CA6-D2E72C1A061F}.Debug|Any CPU.Build.0 = Debug|Any CPU
		{07B2E5BE-1A01-4985-8CA6-D2E72C1A061F}.Release|Any CPU.ActiveCfg = Release|Any CPU
		{07B2E5BE-1A01-4985-8CA6-D2E72C1A061F}.Release|Any CPU.Build.0 = Release|Any CPU
		{EE8B2FCE-F96E-4330-A029-9293D360A638}.Debug|Any CPU.ActiveCfg = Debug|Any CPU
		{EE8B2FCE-F96E-4330-A029-9293D360A638}.Debug|Any CPU.Build.0 = Debug|Any CPU
		{EE8B2FCE-F96E-4330-A029-9293D360A638}.Release|Any CPU.ActiveCfg = Release|Any CPU
		{EE8B2FCE-F96E-4330-A029-9293D360A638}.Release|Any CPU.Build.0 = Release|Any CPU
		{DCE13C04-D095-4DFC-9FB9-3C4424DADF3F}.Debug|Any CPU.ActiveCfg = Debug|Any CPU
		{DCE13C04-D095-4DFC-9FB9-3C4424DADF3F}.Debug|Any CPU.Build.0 = Debug|Any CPU
		{DCE13C04-D095-4DFC-9FB9-3C4424DADF3F}.Release|Any CPU.ActiveCfg = Release|Any CPU
		{DCE13C04-D095-4DFC-9FB9-3C4424DADF3F}.Release|Any CPU.Build.0 = Release|Any CPU
		{9722B4AF-8EF1-4789-9276-8D5AD97F29CF}.Debug|Any CPU.ActiveCfg = Debug|Any CPU
		{9722B4AF-8EF1-4789-9276-8D5AD97F29CF}.Debug|Any CPU.Build.0 = Debug|Any CPU
		{9722B4AF-8EF1-4789-9276-8D5AD97F29CF}.Release|Any CPU.ActiveCfg = Release|Any CPU
		{9722B4AF-8EF1-4789-9276-8D5AD97F29CF}.Release|Any CPU.Build.0 = Release|Any CPU
		{D9727B7A-2126-4319-80C4-3BE00D0BB2FF}.Debug|Any CPU.ActiveCfg = Debug|Any CPU
		{D9727B7A-2126-4319-80C4-3BE00D0BB2FF}.Debug|Any CPU.Build.0 = Debug|Any CPU
		{D9727B7A-2126-4319-80C4-3BE00D0BB2FF}.Release|Any CPU.ActiveCfg = Release|Any CPU
		{D9727B7A-2126-4319-80C4-3BE00D0BB2FF}.Release|Any CPU.Build.0 = Release|Any CPU
	EndGlobalSection
	GlobalSection(SolutionProperties) = preSolution
		HideSolutionNode = FALSE
	EndGlobalSection
	GlobalSection(ExtensibilityGlobals) = postSolution
		SolutionGuid = {B85974E1-F8B4-4A06-A727-30C7CAE4977B}
	EndGlobalSection
EndGlobal
